// !$*UTF8*$!
{
	archiveVersion = 1;
	classes = {
	};
	objectVersion = 50;
	objects = {

/* Begin PBXBuildFile section */
		566D1A1623F8E66F00B14361 /* AppDelegate.swift in Sources */ = {isa = PBXBuildFile; fileRef = 566D1A1523F8E66F00B14361 /* AppDelegate.swift */; };
		566D1A1823F8E66F00B14361 /* SceneDelegate.swift in Sources */ = {isa = PBXBuildFile; fileRef = 566D1A1723F8E66F00B14361 /* SceneDelegate.swift */; };
		566D1A1D23F8E66F00B14361 /* Main.storyboard in Resources */ = {isa = PBXBuildFile; fileRef = 566D1A1B23F8E66F00B14361 /* Main.storyboard */; };
		566D1A1F23F8E67100B14361 /* Assets.xcassets in Resources */ = {isa = PBXBuildFile; fileRef = 566D1A1E23F8E67100B14361 /* Assets.xcassets */; };
		566D1A2223F8E67100B14361 /* LaunchScreen.storyboard in Resources */ = {isa = PBXBuildFile; fileRef = 566D1A2023F8E67100B14361 /* LaunchScreen.storyboard */; };
		566D1A2D23F8E67100B14361 /* BoilerBiteTests.swift in Sources */ = {isa = PBXBuildFile; fileRef = 566D1A2C23F8E67100B14361 /* BoilerBiteTests.swift */; };
		566D1A3823F8E67100B14361 /* BoilerBiteUITests.swift in Sources */ = {isa = PBXBuildFile; fileRef = 566D1A3723F8E67100B14361 /* BoilerBiteUITests.swift */; };
<<<<<<< HEAD
		9344934024024C8400EB1B0D /* DataStructures.swift in Sources */ = {isa = PBXBuildFile; fileRef = 9344933F24024C8400EB1B0D /* DataStructures.swift */; };
		939207232401BD1300F2A25C /* ApiRequest.swift in Sources */ = {isa = PBXBuildFile; fileRef = 939207222401BD1300F2A25C /* ApiRequest.swift */; };
=======
		566D1A4D2401AD8700B14361 /* MainViewController.swift in Sources */ = {isa = PBXBuildFile; fileRef = 566D1A4C2401AD8700B14361 /* MainViewController.swift */; };
		566D1A5B2401BBBA00B14361 /* SFMono-Heavy.otf in Resources */ = {isa = PBXBuildFile; fileRef = 566D1A4F2401BBB900B14361 /* SFMono-Heavy.otf */; };
		566D1A5C2401BBBA00B14361 /* SFMono-SemiboldItalic.otf in Resources */ = {isa = PBXBuildFile; fileRef = 566D1A502401BBB900B14361 /* SFMono-SemiboldItalic.otf */; };
		566D1A5D2401BBBA00B14361 /* SFMono-Regular.otf in Resources */ = {isa = PBXBuildFile; fileRef = 566D1A512401BBB900B14361 /* SFMono-Regular.otf */; };
		566D1A5E2401BBBA00B14361 /* SFMono-LightItalic.otf in Resources */ = {isa = PBXBuildFile; fileRef = 566D1A522401BBB900B14361 /* SFMono-LightItalic.otf */; };
		566D1A5F2401BBBA00B14361 /* SFMono-BoldItalic.otf in Resources */ = {isa = PBXBuildFile; fileRef = 566D1A532401BBB900B14361 /* SFMono-BoldItalic.otf */; };
		566D1A602401BBBA00B14361 /* SFMono-RegularItalic.otf in Resources */ = {isa = PBXBuildFile; fileRef = 566D1A542401BBB900B14361 /* SFMono-RegularItalic.otf */; };
		566D1A612401BBBA00B14361 /* SFMono-MediumItalic.otf in Resources */ = {isa = PBXBuildFile; fileRef = 566D1A552401BBB900B14361 /* SFMono-MediumItalic.otf */; };
		566D1A622401BBBA00B14361 /* SFMono-Bold.otf in Resources */ = {isa = PBXBuildFile; fileRef = 566D1A562401BBB900B14361 /* SFMono-Bold.otf */; };
		566D1A632401BBBA00B14361 /* SFMono-Semibold.otf in Resources */ = {isa = PBXBuildFile; fileRef = 566D1A572401BBB900B14361 /* SFMono-Semibold.otf */; };
		566D1A642401BBBA00B14361 /* SFMono-Medium.otf in Resources */ = {isa = PBXBuildFile; fileRef = 566D1A582401BBB900B14361 /* SFMono-Medium.otf */; };
		566D1A652401BBBA00B14361 /* SFMono-Light.otf in Resources */ = {isa = PBXBuildFile; fileRef = 566D1A592401BBB900B14361 /* SFMono-Light.otf */; };
		566D1A662401BBBA00B14361 /* SFMono-HeavyItalic.otf in Resources */ = {isa = PBXBuildFile; fileRef = 566D1A5A2401BBB900B14361 /* SFMono-HeavyItalic.otf */; };
>>>>>>> 0e86a196d6017212571ec7a8ba6539591b58acfb
/* End PBXBuildFile section */

/* Begin PBXContainerItemProxy section */
		566D1A2923F8E67100B14361 /* PBXContainerItemProxy */ = {
			isa = PBXContainerItemProxy;
			containerPortal = 566D1A0A23F8E66F00B14361 /* Project object */;
			proxyType = 1;
			remoteGlobalIDString = 566D1A1123F8E66F00B14361;
			remoteInfo = BoilerBite;
		};
		566D1A3423F8E67100B14361 /* PBXContainerItemProxy */ = {
			isa = PBXContainerItemProxy;
			containerPortal = 566D1A0A23F8E66F00B14361 /* Project object */;
			proxyType = 1;
			remoteGlobalIDString = 566D1A1123F8E66F00B14361;
			remoteInfo = BoilerBite;
		};
/* End PBXContainerItemProxy section */

/* Begin PBXFileReference section */
		566D1A1223F8E66F00B14361 /* BoilerBite.app */ = {isa = PBXFileReference; explicitFileType = wrapper.application; includeInIndex = 0; path = BoilerBite.app; sourceTree = BUILT_PRODUCTS_DIR; };
		566D1A1523F8E66F00B14361 /* AppDelegate.swift */ = {isa = PBXFileReference; lastKnownFileType = sourcecode.swift; path = AppDelegate.swift; sourceTree = "<group>"; };
		566D1A1723F8E66F00B14361 /* SceneDelegate.swift */ = {isa = PBXFileReference; lastKnownFileType = sourcecode.swift; path = SceneDelegate.swift; sourceTree = "<group>"; };
		566D1A1C23F8E66F00B14361 /* Base */ = {isa = PBXFileReference; lastKnownFileType = file.storyboard; name = Base; path = Base.lproj/Main.storyboard; sourceTree = "<group>"; };
		566D1A1E23F8E67100B14361 /* Assets.xcassets */ = {isa = PBXFileReference; lastKnownFileType = folder.assetcatalog; path = Assets.xcassets; sourceTree = "<group>"; };
		566D1A2123F8E67100B14361 /* Base */ = {isa = PBXFileReference; lastKnownFileType = file.storyboard; name = Base; path = Base.lproj/LaunchScreen.storyboard; sourceTree = "<group>"; };
		566D1A2323F8E67100B14361 /* Info.plist */ = {isa = PBXFileReference; lastKnownFileType = text.plist.xml; path = Info.plist; sourceTree = "<group>"; };
		566D1A2823F8E67100B14361 /* BoilerBiteTests.xctest */ = {isa = PBXFileReference; explicitFileType = wrapper.cfbundle; includeInIndex = 0; path = BoilerBiteTests.xctest; sourceTree = BUILT_PRODUCTS_DIR; };
		566D1A2C23F8E67100B14361 /* BoilerBiteTests.swift */ = {isa = PBXFileReference; lastKnownFileType = sourcecode.swift; path = BoilerBiteTests.swift; sourceTree = "<group>"; };
		566D1A2E23F8E67100B14361 /* Info.plist */ = {isa = PBXFileReference; lastKnownFileType = text.plist.xml; path = Info.plist; sourceTree = "<group>"; };
		566D1A3323F8E67100B14361 /* BoilerBiteUITests.xctest */ = {isa = PBXFileReference; explicitFileType = wrapper.cfbundle; includeInIndex = 0; path = BoilerBiteUITests.xctest; sourceTree = BUILT_PRODUCTS_DIR; };
		566D1A3723F8E67100B14361 /* BoilerBiteUITests.swift */ = {isa = PBXFileReference; lastKnownFileType = sourcecode.swift; path = BoilerBiteUITests.swift; sourceTree = "<group>"; };
		566D1A3923F8E67100B14361 /* Info.plist */ = {isa = PBXFileReference; lastKnownFileType = text.plist.xml; path = Info.plist; sourceTree = "<group>"; };
<<<<<<< HEAD
		9344933F24024C8400EB1B0D /* DataStructures.swift */ = {isa = PBXFileReference; lastKnownFileType = sourcecode.swift; path = DataStructures.swift; sourceTree = "<group>"; };
		9392072123FB839000F2A25C /* api_test.playground */ = {isa = PBXFileReference; lastKnownFileType = file.playground; path = api_test.playground; sourceTree = "<group>"; xcLanguageSpecificationIdentifier = xcode.lang.swift; };
		939207222401BD1300F2A25C /* ApiRequest.swift */ = {isa = PBXFileReference; lastKnownFileType = sourcecode.swift; path = ApiRequest.swift; sourceTree = "<group>"; };
=======
		566D1A4C2401AD8700B14361 /* MainViewController.swift */ = {isa = PBXFileReference; lastKnownFileType = sourcecode.swift; path = MainViewController.swift; sourceTree = "<group>"; };
		566D1A4F2401BBB900B14361 /* SFMono-Heavy.otf */ = {isa = PBXFileReference; lastKnownFileType = file; name = "SFMono-Heavy.otf"; path = "../../../../BoilerBiteAssets/Fonts/SFMono-Heavy.otf"; sourceTree = "<group>"; };
		566D1A502401BBB900B14361 /* SFMono-SemiboldItalic.otf */ = {isa = PBXFileReference; lastKnownFileType = file; name = "SFMono-SemiboldItalic.otf"; path = "../../../../BoilerBiteAssets/Fonts/SFMono-SemiboldItalic.otf"; sourceTree = "<group>"; };
		566D1A512401BBB900B14361 /* SFMono-Regular.otf */ = {isa = PBXFileReference; lastKnownFileType = file; name = "SFMono-Regular.otf"; path = "../../../../BoilerBiteAssets/Fonts/SFMono-Regular.otf"; sourceTree = "<group>"; };
		566D1A522401BBB900B14361 /* SFMono-LightItalic.otf */ = {isa = PBXFileReference; lastKnownFileType = file; name = "SFMono-LightItalic.otf"; path = "../../../../BoilerBiteAssets/Fonts/SFMono-LightItalic.otf"; sourceTree = "<group>"; };
		566D1A532401BBB900B14361 /* SFMono-BoldItalic.otf */ = {isa = PBXFileReference; lastKnownFileType = file; name = "SFMono-BoldItalic.otf"; path = "../../../../BoilerBiteAssets/Fonts/SFMono-BoldItalic.otf"; sourceTree = "<group>"; };
		566D1A542401BBB900B14361 /* SFMono-RegularItalic.otf */ = {isa = PBXFileReference; lastKnownFileType = file; name = "SFMono-RegularItalic.otf"; path = "../../../../BoilerBiteAssets/Fonts/SFMono-RegularItalic.otf"; sourceTree = "<group>"; };
		566D1A552401BBB900B14361 /* SFMono-MediumItalic.otf */ = {isa = PBXFileReference; lastKnownFileType = file; name = "SFMono-MediumItalic.otf"; path = "../../../../BoilerBiteAssets/Fonts/SFMono-MediumItalic.otf"; sourceTree = "<group>"; };
		566D1A562401BBB900B14361 /* SFMono-Bold.otf */ = {isa = PBXFileReference; lastKnownFileType = file; name = "SFMono-Bold.otf"; path = "../../../../BoilerBiteAssets/Fonts/SFMono-Bold.otf"; sourceTree = "<group>"; };
		566D1A572401BBB900B14361 /* SFMono-Semibold.otf */ = {isa = PBXFileReference; lastKnownFileType = file; name = "SFMono-Semibold.otf"; path = "../../../../BoilerBiteAssets/Fonts/SFMono-Semibold.otf"; sourceTree = "<group>"; };
		566D1A582401BBB900B14361 /* SFMono-Medium.otf */ = {isa = PBXFileReference; lastKnownFileType = file; name = "SFMono-Medium.otf"; path = "../../../../BoilerBiteAssets/Fonts/SFMono-Medium.otf"; sourceTree = "<group>"; };
		566D1A592401BBB900B14361 /* SFMono-Light.otf */ = {isa = PBXFileReference; lastKnownFileType = file; name = "SFMono-Light.otf"; path = "../../../../BoilerBiteAssets/Fonts/SFMono-Light.otf"; sourceTree = "<group>"; };
		566D1A5A2401BBB900B14361 /* SFMono-HeavyItalic.otf */ = {isa = PBXFileReference; lastKnownFileType = file; name = "SFMono-HeavyItalic.otf"; path = "../../../../BoilerBiteAssets/Fonts/SFMono-HeavyItalic.otf"; sourceTree = "<group>"; };
>>>>>>> 0e86a196d6017212571ec7a8ba6539591b58acfb
/* End PBXFileReference section */

/* Begin PBXFrameworksBuildPhase section */
		566D1A0F23F8E66F00B14361 /* Frameworks */ = {
			isa = PBXFrameworksBuildPhase;
			buildActionMask = 2147483647;
			files = (
			);
			runOnlyForDeploymentPostprocessing = 0;
		};
		566D1A2523F8E67100B14361 /* Frameworks */ = {
			isa = PBXFrameworksBuildPhase;
			buildActionMask = 2147483647;
			files = (
			);
			runOnlyForDeploymentPostprocessing = 0;
		};
		566D1A3023F8E67100B14361 /* Frameworks */ = {
			isa = PBXFrameworksBuildPhase;
			buildActionMask = 2147483647;
			files = (
			);
			runOnlyForDeploymentPostprocessing = 0;
		};
/* End PBXFrameworksBuildPhase section */

/* Begin PBXGroup section */
		566D1A0923F8E66F00B14361 = {
			isa = PBXGroup;
			children = (
				566D1A1423F8E66F00B14361 /* BoilerBite */,
				566D1A2B23F8E67100B14361 /* BoilerBiteTests */,
				566D1A3623F8E67100B14361 /* BoilerBiteUITests */,
				566D1A1323F8E66F00B14361 /* Products */,
			);
			sourceTree = "<group>";
		};
		566D1A1323F8E66F00B14361 /* Products */ = {
			isa = PBXGroup;
			children = (
				566D1A1223F8E66F00B14361 /* BoilerBite.app */,
				566D1A2823F8E67100B14361 /* BoilerBiteTests.xctest */,
				566D1A3323F8E67100B14361 /* BoilerBiteUITests.xctest */,
			);
			name = Products;
			sourceTree = "<group>";
		};
		566D1A1423F8E66F00B14361 /* BoilerBite */ = {
			isa = PBXGroup;
			children = (
				9392072123FB839000F2A25C /* api_test.playground */,
				566D1A1523F8E66F00B14361 /* AppDelegate.swift */,
				566D1A4C2401AD8700B14361 /* MainViewController.swift */,
				566D1A1723F8E66F00B14361 /* SceneDelegate.swift */,
				566D1A1B23F8E66F00B14361 /* Main.storyboard */,
				566D1A1E23F8E67100B14361 /* Assets.xcassets */,
				566D1A2023F8E67100B14361 /* LaunchScreen.storyboard */,
				566D1A2323F8E67100B14361 /* Info.plist */,
<<<<<<< HEAD
				939207222401BD1300F2A25C /* ApiRequest.swift */,
				9344933F24024C8400EB1B0D /* DataStructures.swift */,
=======
				566D1A4E2401BB8600B14361 /* Fonts */,
>>>>>>> 0e86a196d6017212571ec7a8ba6539591b58acfb
			);
			path = BoilerBite;
			sourceTree = "<group>";
		};
		566D1A2B23F8E67100B14361 /* BoilerBiteTests */ = {
			isa = PBXGroup;
			children = (
				566D1A2C23F8E67100B14361 /* BoilerBiteTests.swift */,
				566D1A2E23F8E67100B14361 /* Info.plist */,
			);
			path = BoilerBiteTests;
			sourceTree = "<group>";
		};
		566D1A3623F8E67100B14361 /* BoilerBiteUITests */ = {
			isa = PBXGroup;
			children = (
				566D1A3723F8E67100B14361 /* BoilerBiteUITests.swift */,
				566D1A3923F8E67100B14361 /* Info.plist */,
			);
			path = BoilerBiteUITests;
			sourceTree = "<group>";
		};
		566D1A4E2401BB8600B14361 /* Fonts */ = {
			isa = PBXGroup;
			children = (
				566D1A562401BBB900B14361 /* SFMono-Bold.otf */,
				566D1A532401BBB900B14361 /* SFMono-BoldItalic.otf */,
				566D1A4F2401BBB900B14361 /* SFMono-Heavy.otf */,
				566D1A5A2401BBB900B14361 /* SFMono-HeavyItalic.otf */,
				566D1A592401BBB900B14361 /* SFMono-Light.otf */,
				566D1A522401BBB900B14361 /* SFMono-LightItalic.otf */,
				566D1A582401BBB900B14361 /* SFMono-Medium.otf */,
				566D1A552401BBB900B14361 /* SFMono-MediumItalic.otf */,
				566D1A512401BBB900B14361 /* SFMono-Regular.otf */,
				566D1A542401BBB900B14361 /* SFMono-RegularItalic.otf */,
				566D1A572401BBB900B14361 /* SFMono-Semibold.otf */,
				566D1A502401BBB900B14361 /* SFMono-SemiboldItalic.otf */,
			);
			path = Fonts;
			sourceTree = "<group>";
		};
/* End PBXGroup section */

/* Begin PBXNativeTarget section */
		566D1A1123F8E66F00B14361 /* BoilerBite */ = {
			isa = PBXNativeTarget;
			buildConfigurationList = 566D1A3C23F8E67100B14361 /* Build configuration list for PBXNativeTarget "BoilerBite" */;
			buildPhases = (
				566D1A0E23F8E66F00B14361 /* Sources */,
				566D1A0F23F8E66F00B14361 /* Frameworks */,
				566D1A1023F8E66F00B14361 /* Resources */,
			);
			buildRules = (
			);
			dependencies = (
			);
			name = BoilerBite;
			productName = BoilerBite;
			productReference = 566D1A1223F8E66F00B14361 /* BoilerBite.app */;
			productType = "com.apple.product-type.application";
		};
		566D1A2723F8E67100B14361 /* BoilerBiteTests */ = {
			isa = PBXNativeTarget;
			buildConfigurationList = 566D1A3F23F8E67100B14361 /* Build configuration list for PBXNativeTarget "BoilerBiteTests" */;
			buildPhases = (
				566D1A2423F8E67100B14361 /* Sources */,
				566D1A2523F8E67100B14361 /* Frameworks */,
				566D1A2623F8E67100B14361 /* Resources */,
			);
			buildRules = (
			);
			dependencies = (
				566D1A2A23F8E67100B14361 /* PBXTargetDependency */,
			);
			name = BoilerBiteTests;
			productName = BoilerBiteTests;
			productReference = 566D1A2823F8E67100B14361 /* BoilerBiteTests.xctest */;
			productType = "com.apple.product-type.bundle.unit-test";
		};
		566D1A3223F8E67100B14361 /* BoilerBiteUITests */ = {
			isa = PBXNativeTarget;
			buildConfigurationList = 566D1A4223F8E67100B14361 /* Build configuration list for PBXNativeTarget "BoilerBiteUITests" */;
			buildPhases = (
				566D1A2F23F8E67100B14361 /* Sources */,
				566D1A3023F8E67100B14361 /* Frameworks */,
				566D1A3123F8E67100B14361 /* Resources */,
			);
			buildRules = (
			);
			dependencies = (
				566D1A3523F8E67100B14361 /* PBXTargetDependency */,
			);
			name = BoilerBiteUITests;
			productName = BoilerBiteUITests;
			productReference = 566D1A3323F8E67100B14361 /* BoilerBiteUITests.xctest */;
			productType = "com.apple.product-type.bundle.ui-testing";
		};
/* End PBXNativeTarget section */

/* Begin PBXProject section */
		566D1A0A23F8E66F00B14361 /* Project object */ = {
			isa = PBXProject;
			attributes = {
				LastSwiftUpdateCheck = 1130;
				LastUpgradeCheck = 1130;
				ORGANIZATIONNAME = "Isha Mahadalkar";
				TargetAttributes = {
					566D1A1123F8E66F00B14361 = {
						CreatedOnToolsVersion = 11.3.1;
					};
					566D1A2723F8E67100B14361 = {
						CreatedOnToolsVersion = 11.3.1;
						TestTargetID = 566D1A1123F8E66F00B14361;
					};
					566D1A3223F8E67100B14361 = {
						CreatedOnToolsVersion = 11.3.1;
						TestTargetID = 566D1A1123F8E66F00B14361;
					};
				};
			};
			buildConfigurationList = 566D1A0D23F8E66F00B14361 /* Build configuration list for PBXProject "BoilerBite" */;
			compatibilityVersion = "Xcode 9.3";
			developmentRegion = en;
			hasScannedForEncodings = 0;
			knownRegions = (
				en,
				Base,
			);
			mainGroup = 566D1A0923F8E66F00B14361;
			productRefGroup = 566D1A1323F8E66F00B14361 /* Products */;
			projectDirPath = "";
			projectRoot = "";
			targets = (
				566D1A1123F8E66F00B14361 /* BoilerBite */,
				566D1A2723F8E67100B14361 /* BoilerBiteTests */,
				566D1A3223F8E67100B14361 /* BoilerBiteUITests */,
			);
		};
/* End PBXProject section */

/* Begin PBXResourcesBuildPhase section */
		566D1A1023F8E66F00B14361 /* Resources */ = {
			isa = PBXResourcesBuildPhase;
			buildActionMask = 2147483647;
			files = (
				566D1A5D2401BBBA00B14361 /* SFMono-Regular.otf in Resources */,
				566D1A622401BBBA00B14361 /* SFMono-Bold.otf in Resources */,
				566D1A2223F8E67100B14361 /* LaunchScreen.storyboard in Resources */,
				566D1A612401BBBA00B14361 /* SFMono-MediumItalic.otf in Resources */,
				566D1A5F2401BBBA00B14361 /* SFMono-BoldItalic.otf in Resources */,
				566D1A5C2401BBBA00B14361 /* SFMono-SemiboldItalic.otf in Resources */,
				566D1A1F23F8E67100B14361 /* Assets.xcassets in Resources */,
				566D1A1D23F8E66F00B14361 /* Main.storyboard in Resources */,
				566D1A632401BBBA00B14361 /* SFMono-Semibold.otf in Resources */,
				566D1A5E2401BBBA00B14361 /* SFMono-LightItalic.otf in Resources */,
				566D1A662401BBBA00B14361 /* SFMono-HeavyItalic.otf in Resources */,
				566D1A602401BBBA00B14361 /* SFMono-RegularItalic.otf in Resources */,
				566D1A5B2401BBBA00B14361 /* SFMono-Heavy.otf in Resources */,
				566D1A652401BBBA00B14361 /* SFMono-Light.otf in Resources */,
				566D1A642401BBBA00B14361 /* SFMono-Medium.otf in Resources */,
			);
			runOnlyForDeploymentPostprocessing = 0;
		};
		566D1A2623F8E67100B14361 /* Resources */ = {
			isa = PBXResourcesBuildPhase;
			buildActionMask = 2147483647;
			files = (
			);
			runOnlyForDeploymentPostprocessing = 0;
		};
		566D1A3123F8E67100B14361 /* Resources */ = {
			isa = PBXResourcesBuildPhase;
			buildActionMask = 2147483647;
			files = (
			);
			runOnlyForDeploymentPostprocessing = 0;
		};
/* End PBXResourcesBuildPhase section */

/* Begin PBXSourcesBuildPhase section */
		566D1A0E23F8E66F00B14361 /* Sources */ = {
			isa = PBXSourcesBuildPhase;
			buildActionMask = 2147483647;
			files = (
<<<<<<< HEAD
				566D1A1A23F8E66F00B14361 /* ViewController.swift in Sources */,
				9344934024024C8400EB1B0D /* DataStructures.swift in Sources */,
=======
				566D1A4D2401AD8700B14361 /* MainViewController.swift in Sources */,
>>>>>>> 0e86a196d6017212571ec7a8ba6539591b58acfb
				566D1A1623F8E66F00B14361 /* AppDelegate.swift in Sources */,
				939207232401BD1300F2A25C /* ApiRequest.swift in Sources */,
				566D1A1823F8E66F00B14361 /* SceneDelegate.swift in Sources */,
			);
			runOnlyForDeploymentPostprocessing = 0;
		};
		566D1A2423F8E67100B14361 /* Sources */ = {
			isa = PBXSourcesBuildPhase;
			buildActionMask = 2147483647;
			files = (
				566D1A2D23F8E67100B14361 /* BoilerBiteTests.swift in Sources */,
			);
			runOnlyForDeploymentPostprocessing = 0;
		};
		566D1A2F23F8E67100B14361 /* Sources */ = {
			isa = PBXSourcesBuildPhase;
			buildActionMask = 2147483647;
			files = (
				566D1A3823F8E67100B14361 /* BoilerBiteUITests.swift in Sources */,
			);
			runOnlyForDeploymentPostprocessing = 0;
		};
/* End PBXSourcesBuildPhase section */

/* Begin PBXTargetDependency section */
		566D1A2A23F8E67100B14361 /* PBXTargetDependency */ = {
			isa = PBXTargetDependency;
			target = 566D1A1123F8E66F00B14361 /* BoilerBite */;
			targetProxy = 566D1A2923F8E67100B14361 /* PBXContainerItemProxy */;
		};
		566D1A3523F8E67100B14361 /* PBXTargetDependency */ = {
			isa = PBXTargetDependency;
			target = 566D1A1123F8E66F00B14361 /* BoilerBite */;
			targetProxy = 566D1A3423F8E67100B14361 /* PBXContainerItemProxy */;
		};
/* End PBXTargetDependency section */

/* Begin PBXVariantGroup section */
		566D1A1B23F8E66F00B14361 /* Main.storyboard */ = {
			isa = PBXVariantGroup;
			children = (
				566D1A1C23F8E66F00B14361 /* Base */,
			);
			name = Main.storyboard;
			sourceTree = "<group>";
		};
		566D1A2023F8E67100B14361 /* LaunchScreen.storyboard */ = {
			isa = PBXVariantGroup;
			children = (
				566D1A2123F8E67100B14361 /* Base */,
			);
			name = LaunchScreen.storyboard;
			sourceTree = "<group>";
		};
/* End PBXVariantGroup section */

/* Begin XCBuildConfiguration section */
		566D1A3A23F8E67100B14361 /* Debug */ = {
			isa = XCBuildConfiguration;
			buildSettings = {
				ALWAYS_SEARCH_USER_PATHS = NO;
				CLANG_ANALYZER_NONNULL = YES;
				CLANG_ANALYZER_NUMBER_OBJECT_CONVERSION = YES_AGGRESSIVE;
				CLANG_CXX_LANGUAGE_STANDARD = "gnu++14";
				CLANG_CXX_LIBRARY = "libc++";
				CLANG_ENABLE_MODULES = YES;
				CLANG_ENABLE_OBJC_ARC = YES;
				CLANG_ENABLE_OBJC_WEAK = YES;
				CLANG_WARN_BLOCK_CAPTURE_AUTORELEASING = YES;
				CLANG_WARN_BOOL_CONVERSION = YES;
				CLANG_WARN_COMMA = YES;
				CLANG_WARN_CONSTANT_CONVERSION = YES;
				CLANG_WARN_DEPRECATED_OBJC_IMPLEMENTATIONS = YES;
				CLANG_WARN_DIRECT_OBJC_ISA_USAGE = YES_ERROR;
				CLANG_WARN_DOCUMENTATION_COMMENTS = YES;
				CLANG_WARN_EMPTY_BODY = YES;
				CLANG_WARN_ENUM_CONVERSION = YES;
				CLANG_WARN_INFINITE_RECURSION = YES;
				CLANG_WARN_INT_CONVERSION = YES;
				CLANG_WARN_NON_LITERAL_NULL_CONVERSION = YES;
				CLANG_WARN_OBJC_IMPLICIT_RETAIN_SELF = YES;
				CLANG_WARN_OBJC_LITERAL_CONVERSION = YES;
				CLANG_WARN_OBJC_ROOT_CLASS = YES_ERROR;
				CLANG_WARN_RANGE_LOOP_ANALYSIS = YES;
				CLANG_WARN_STRICT_PROTOTYPES = YES;
				CLANG_WARN_SUSPICIOUS_MOVE = YES;
				CLANG_WARN_UNGUARDED_AVAILABILITY = YES_AGGRESSIVE;
				CLANG_WARN_UNREACHABLE_CODE = YES;
				CLANG_WARN__DUPLICATE_METHOD_MATCH = YES;
				COPY_PHASE_STRIP = NO;
				DEBUG_INFORMATION_FORMAT = dwarf;
				ENABLE_STRICT_OBJC_MSGSEND = YES;
				ENABLE_TESTABILITY = YES;
				GCC_C_LANGUAGE_STANDARD = gnu11;
				GCC_DYNAMIC_NO_PIC = NO;
				GCC_NO_COMMON_BLOCKS = YES;
				GCC_OPTIMIZATION_LEVEL = 0;
				GCC_PREPROCESSOR_DEFINITIONS = (
					"DEBUG=1",
					"$(inherited)",
				);
				GCC_WARN_64_TO_32_BIT_CONVERSION = YES;
				GCC_WARN_ABOUT_RETURN_TYPE = YES_ERROR;
				GCC_WARN_UNDECLARED_SELECTOR = YES;
				GCC_WARN_UNINITIALIZED_AUTOS = YES_AGGRESSIVE;
				GCC_WARN_UNUSED_FUNCTION = YES;
				GCC_WARN_UNUSED_VARIABLE = YES;
				IPHONEOS_DEPLOYMENT_TARGET = 13.2;
				MTL_ENABLE_DEBUG_INFO = INCLUDE_SOURCE;
				MTL_FAST_MATH = YES;
				ONLY_ACTIVE_ARCH = YES;
				SDKROOT = iphoneos;
				SWIFT_ACTIVE_COMPILATION_CONDITIONS = DEBUG;
				SWIFT_OPTIMIZATION_LEVEL = "-Onone";
			};
			name = Debug;
		};
		566D1A3B23F8E67100B14361 /* Release */ = {
			isa = XCBuildConfiguration;
			buildSettings = {
				ALWAYS_SEARCH_USER_PATHS = NO;
				CLANG_ANALYZER_NONNULL = YES;
				CLANG_ANALYZER_NUMBER_OBJECT_CONVERSION = YES_AGGRESSIVE;
				CLANG_CXX_LANGUAGE_STANDARD = "gnu++14";
				CLANG_CXX_LIBRARY = "libc++";
				CLANG_ENABLE_MODULES = YES;
				CLANG_ENABLE_OBJC_ARC = YES;
				CLANG_ENABLE_OBJC_WEAK = YES;
				CLANG_WARN_BLOCK_CAPTURE_AUTORELEASING = YES;
				CLANG_WARN_BOOL_CONVERSION = YES;
				CLANG_WARN_COMMA = YES;
				CLANG_WARN_CONSTANT_CONVERSION = YES;
				CLANG_WARN_DEPRECATED_OBJC_IMPLEMENTATIONS = YES;
				CLANG_WARN_DIRECT_OBJC_ISA_USAGE = YES_ERROR;
				CLANG_WARN_DOCUMENTATION_COMMENTS = YES;
				CLANG_WARN_EMPTY_BODY = YES;
				CLANG_WARN_ENUM_CONVERSION = YES;
				CLANG_WARN_INFINITE_RECURSION = YES;
				CLANG_WARN_INT_CONVERSION = YES;
				CLANG_WARN_NON_LITERAL_NULL_CONVERSION = YES;
				CLANG_WARN_OBJC_IMPLICIT_RETAIN_SELF = YES;
				CLANG_WARN_OBJC_LITERAL_CONVERSION = YES;
				CLANG_WARN_OBJC_ROOT_CLASS = YES_ERROR;
				CLANG_WARN_RANGE_LOOP_ANALYSIS = YES;
				CLANG_WARN_STRICT_PROTOTYPES = YES;
				CLANG_WARN_SUSPICIOUS_MOVE = YES;
				CLANG_WARN_UNGUARDED_AVAILABILITY = YES_AGGRESSIVE;
				CLANG_WARN_UNREACHABLE_CODE = YES;
				CLANG_WARN__DUPLICATE_METHOD_MATCH = YES;
				COPY_PHASE_STRIP = NO;
				DEBUG_INFORMATION_FORMAT = "dwarf-with-dsym";
				ENABLE_NS_ASSERTIONS = NO;
				ENABLE_STRICT_OBJC_MSGSEND = YES;
				GCC_C_LANGUAGE_STANDARD = gnu11;
				GCC_NO_COMMON_BLOCKS = YES;
				GCC_WARN_64_TO_32_BIT_CONVERSION = YES;
				GCC_WARN_ABOUT_RETURN_TYPE = YES_ERROR;
				GCC_WARN_UNDECLARED_SELECTOR = YES;
				GCC_WARN_UNINITIALIZED_AUTOS = YES_AGGRESSIVE;
				GCC_WARN_UNUSED_FUNCTION = YES;
				GCC_WARN_UNUSED_VARIABLE = YES;
				IPHONEOS_DEPLOYMENT_TARGET = 13.2;
				MTL_ENABLE_DEBUG_INFO = NO;
				MTL_FAST_MATH = YES;
				SDKROOT = iphoneos;
				SWIFT_COMPILATION_MODE = wholemodule;
				SWIFT_OPTIMIZATION_LEVEL = "-O";
				VALIDATE_PRODUCT = YES;
			};
			name = Release;
		};
		566D1A3D23F8E67100B14361 /* Debug */ = {
			isa = XCBuildConfiguration;
			buildSettings = {
				ASSETCATALOG_COMPILER_APPICON_NAME = AppIcon;
				CODE_SIGN_STYLE = Automatic;
				INFOPLIST_FILE = BoilerBite/Info.plist;
				LD_RUNPATH_SEARCH_PATHS = (
					"$(inherited)",
					"@executable_path/Frameworks",
				);
				PRODUCT_BUNDLE_IDENTIFIER = "Isha-Mahadalkar.BoilerBite";
				PRODUCT_NAME = "$(TARGET_NAME)";
				SWIFT_VERSION = 5.0;
				TARGETED_DEVICE_FAMILY = "1,2";
			};
			name = Debug;
		};
		566D1A3E23F8E67100B14361 /* Release */ = {
			isa = XCBuildConfiguration;
			buildSettings = {
				ASSETCATALOG_COMPILER_APPICON_NAME = AppIcon;
				CODE_SIGN_STYLE = Automatic;
				INFOPLIST_FILE = BoilerBite/Info.plist;
				LD_RUNPATH_SEARCH_PATHS = (
					"$(inherited)",
					"@executable_path/Frameworks",
				);
				PRODUCT_BUNDLE_IDENTIFIER = "Isha-Mahadalkar.BoilerBite";
				PRODUCT_NAME = "$(TARGET_NAME)";
				SWIFT_VERSION = 5.0;
				TARGETED_DEVICE_FAMILY = "1,2";
			};
			name = Release;
		};
		566D1A4023F8E67100B14361 /* Debug */ = {
			isa = XCBuildConfiguration;
			buildSettings = {
				ALWAYS_EMBED_SWIFT_STANDARD_LIBRARIES = YES;
				BUNDLE_LOADER = "$(TEST_HOST)";
				CODE_SIGN_STYLE = Automatic;
				INFOPLIST_FILE = BoilerBiteTests/Info.plist;
				IPHONEOS_DEPLOYMENT_TARGET = 13.2;
				LD_RUNPATH_SEARCH_PATHS = (
					"$(inherited)",
					"@executable_path/Frameworks",
					"@loader_path/Frameworks",
				);
				PRODUCT_BUNDLE_IDENTIFIER = "Isha-Mahadalkar.BoilerBiteTests";
				PRODUCT_NAME = "$(TARGET_NAME)";
				SWIFT_VERSION = 5.0;
				TARGETED_DEVICE_FAMILY = "1,2";
				TEST_HOST = "$(BUILT_PRODUCTS_DIR)/BoilerBite.app/BoilerBite";
			};
			name = Debug;
		};
		566D1A4123F8E67100B14361 /* Release */ = {
			isa = XCBuildConfiguration;
			buildSettings = {
				ALWAYS_EMBED_SWIFT_STANDARD_LIBRARIES = YES;
				BUNDLE_LOADER = "$(TEST_HOST)";
				CODE_SIGN_STYLE = Automatic;
				INFOPLIST_FILE = BoilerBiteTests/Info.plist;
				IPHONEOS_DEPLOYMENT_TARGET = 13.2;
				LD_RUNPATH_SEARCH_PATHS = (
					"$(inherited)",
					"@executable_path/Frameworks",
					"@loader_path/Frameworks",
				);
				PRODUCT_BUNDLE_IDENTIFIER = "Isha-Mahadalkar.BoilerBiteTests";
				PRODUCT_NAME = "$(TARGET_NAME)";
				SWIFT_VERSION = 5.0;
				TARGETED_DEVICE_FAMILY = "1,2";
				TEST_HOST = "$(BUILT_PRODUCTS_DIR)/BoilerBite.app/BoilerBite";
			};
			name = Release;
		};
		566D1A4323F8E67100B14361 /* Debug */ = {
			isa = XCBuildConfiguration;
			buildSettings = {
				ALWAYS_EMBED_SWIFT_STANDARD_LIBRARIES = YES;
				CODE_SIGN_STYLE = Automatic;
				INFOPLIST_FILE = BoilerBiteUITests/Info.plist;
				LD_RUNPATH_SEARCH_PATHS = (
					"$(inherited)",
					"@executable_path/Frameworks",
					"@loader_path/Frameworks",
				);
				PRODUCT_BUNDLE_IDENTIFIER = "Isha-Mahadalkar.BoilerBiteUITests";
				PRODUCT_NAME = "$(TARGET_NAME)";
				SWIFT_VERSION = 5.0;
				TARGETED_DEVICE_FAMILY = "1,2";
				TEST_TARGET_NAME = BoilerBite;
			};
			name = Debug;
		};
		566D1A4423F8E67100B14361 /* Release */ = {
			isa = XCBuildConfiguration;
			buildSettings = {
				ALWAYS_EMBED_SWIFT_STANDARD_LIBRARIES = YES;
				CODE_SIGN_STYLE = Automatic;
				INFOPLIST_FILE = BoilerBiteUITests/Info.plist;
				LD_RUNPATH_SEARCH_PATHS = (
					"$(inherited)",
					"@executable_path/Frameworks",
					"@loader_path/Frameworks",
				);
				PRODUCT_BUNDLE_IDENTIFIER = "Isha-Mahadalkar.BoilerBiteUITests";
				PRODUCT_NAME = "$(TARGET_NAME)";
				SWIFT_VERSION = 5.0;
				TARGETED_DEVICE_FAMILY = "1,2";
				TEST_TARGET_NAME = BoilerBite;
			};
			name = Release;
		};
/* End XCBuildConfiguration section */

/* Begin XCConfigurationList section */
		566D1A0D23F8E66F00B14361 /* Build configuration list for PBXProject "BoilerBite" */ = {
			isa = XCConfigurationList;
			buildConfigurations = (
				566D1A3A23F8E67100B14361 /* Debug */,
				566D1A3B23F8E67100B14361 /* Release */,
			);
			defaultConfigurationIsVisible = 0;
			defaultConfigurationName = Release;
		};
		566D1A3C23F8E67100B14361 /* Build configuration list for PBXNativeTarget "BoilerBite" */ = {
			isa = XCConfigurationList;
			buildConfigurations = (
				566D1A3D23F8E67100B14361 /* Debug */,
				566D1A3E23F8E67100B14361 /* Release */,
			);
			defaultConfigurationIsVisible = 0;
			defaultConfigurationName = Release;
		};
		566D1A3F23F8E67100B14361 /* Build configuration list for PBXNativeTarget "BoilerBiteTests" */ = {
			isa = XCConfigurationList;
			buildConfigurations = (
				566D1A4023F8E67100B14361 /* Debug */,
				566D1A4123F8E67100B14361 /* Release */,
			);
			defaultConfigurationIsVisible = 0;
			defaultConfigurationName = Release;
		};
		566D1A4223F8E67100B14361 /* Build configuration list for PBXNativeTarget "BoilerBiteUITests" */ = {
			isa = XCConfigurationList;
			buildConfigurations = (
				566D1A4323F8E67100B14361 /* Debug */,
				566D1A4423F8E67100B14361 /* Release */,
			);
			defaultConfigurationIsVisible = 0;
			defaultConfigurationName = Release;
		};
/* End XCConfigurationList section */
	};
	rootObject = 566D1A0A23F8E66F00B14361 /* Project object */;
}
